{
  "originHash" : "91d48ebf826f282587ede5f6b4876dbaf496c7aef816b3a9b6ffc4ea20e879c4",
  "pins" : [
    {
      "identity" : "baklava-swift",
      "kind" : "remoteSourceControl",
      "location" : "https://github.com/cembaykara/baklava-swift",
      "state" : {
        "revision" : "30cad4310ad295081ece5eea2c26529c2be9e438",
        "version" : "0.1.2"
      }
    }
  ],
  "version" : 3
}
